// !$*UTF8*$!
{
	archiveVersion = 1;
	classes = {
	};
	objectVersion = 50;
	objects = {

/* Begin PBXBuildFile section */
		084A786B216E842200900CB0 /* AppDelegate.m in Sources */ = {isa = PBXBuildFile; fileRef = 084A786A216E842200900CB0 /* AppDelegate.m */; };
		084A786D216E842200900CB0 /* GameScene.sks in Resources */ = {isa = PBXBuildFile; fileRef = 084A786C216E842200900CB0 /* GameScene.sks */; };
		084A786F216E842200900CB0 /* Actions.sks in Resources */ = {isa = PBXBuildFile; fileRef = 084A786E216E842200900CB0 /* Actions.sks */; };
		084A7872216E842200900CB0 /* GameScene.m in Sources */ = {isa = PBXBuildFile; fileRef = 084A7871216E842200900CB0 /* GameScene.m */; };
		084A7875216E842200900CB0 /* GameViewController.m in Sources */ = {isa = PBXBuildFile; fileRef = 084A7874216E842200900CB0 /* GameViewController.m */; };
		084A7878216E842200900CB0 /* Main.storyboard in Resources */ = {isa = PBXBuildFile; fileRef = 084A7876216E842200900CB0 /* Main.storyboard */; };
		084A787A216E842200900CB0 /* Assets.xcassets in Resources */ = {isa = PBXBuildFile; fileRef = 084A7879216E842200900CB0 /* Assets.xcassets */; };
		084A787D216E842200900CB0 /* LaunchScreen.storyboard in Resources */ = {isa = PBXBuildFile; fileRef = 084A787B216E842200900CB0 /* LaunchScreen.storyboard */; };
		084A7880216E842200900CB0 /* main.m in Sources */ = {isa = PBXBuildFile; fileRef = 084A787F216E842200900CB0 /* main.m */; };
/* End PBXBuildFile section */

/* Begin PBXFileReference section */
		084A7866216E842200900CB0 /* BreakOutDemo.app */ = {isa = PBXFileReference; explicitFileType = wrapper.application; includeInIndex = 0; path = BreakOutDemo.app; sourceTree = BUILT_PRODUCTS_DIR; };
		084A7869216E842200900CB0 /* AppDelegate.h */ = {isa = PBXFileReference; lastKnownFileType = sourcecode.c.h; path = AppDelegate.h; sourceTree = "<group>"; };
		084A786A216E842200900CB0 /* AppDelegate.m */ = {isa = PBXFileReference; lastKnownFileType = sourcecode.c.objc; path = AppDelegate.m; sourceTree = "<group>"; };
		084A786C216E842200900CB0 /* GameScene.sks */ = {isa = PBXFileReference; lastKnownFileType = file.sks; path = GameScene.sks; sourceTree = "<group>"; };
		084A786E216E842200900CB0 /* Actions.sks */ = {isa = PBXFileReference; lastKnownFileType = file.sks; path = Actions.sks; sourceTree = "<group>"; };
		084A7870216E842200900CB0 /* GameScene.h */ = {isa = PBXFileReference; lastKnownFileType = sourcecode.c.h; path = GameScene.h; sourceTree = "<group>"; };
		084A7871216E842200900CB0 /* GameScene.m */ = {isa = PBXFileReference; lastKnownFileType = sourcecode.c.objc; path = GameScene.m; sourceTree = "<group>"; };
		084A7873216E842200900CB0 /* GameViewController.h */ = {isa = PBXFileReference; lastKnownFileType = sourcecode.c.h; path = GameViewController.h; sourceTree = "<group>"; };
		084A7874216E842200900CB0 /* GameViewController.m */ = {isa = PBXFileReference; lastKnownFileType = sourcecode.c.objc; path = GameViewController.m; sourceTree = "<group>"; };
		084A7877216E842200900CB0 /* Base */ = {isa = PBXFileReference; lastKnownFileType = file.storyboard; name = Base; path = Base.lproj/Main.storyboard; sourceTree = "<group>"; };
		084A7879216E842200900CB0 /* Assets.xcassets */ = {isa = PBXFileReference; lastKnownFileType = folder.assetcatalog; path = Assets.xcassets; sourceTree = "<group>"; };
		084A787C216E842200900CB0 /* Base */ = {isa = PBXFileReference; lastKnownFileType = file.storyboard; name = Base; path = Base.lproj/LaunchScreen.storyboard; sourceTree = "<group>"; };
		084A787E216E842200900CB0 /* Info.plist */ = {isa = PBXFileReference; lastKnownFileType = text.plist.xml; path = Info.plist; sourceTree = "<group>"; };
		084A787F216E842200900CB0 /* main.m */ = {isa = PBXFileReference; lastKnownFileType = sourcecode.c.objc; path = main.m; sourceTree = "<group>"; };
/* End PBXFileReference section */

/* Begin PBXFrameworksBuildPhase section */
		084A7863216E842200900CB0 /* Frameworks */ = {
			isa = PBXFrameworksBuildPhase;
			buildActionMask = 2147483647;
			files = (
			);
			runOnlyForDeploymentPostprocessing = 0;
		};
/* End PBXFrameworksBuildPhase section */

/* Begin PBXGroup section */
		084A785D216E842200900CB0 = {
			isa = PBXGroup;
			children = (
				084A7868216E842200900CB0 /* BreakOutDemo */,
				084A7867216E842200900CB0 /* Products */,
			);
			sourceTree = "<group>";
		};
		084A7867216E842200900CB0 /* Products */ = {
			isa = PBXGroup;
			children = (
				084A7866216E842200900CB0 /* BreakOutDemo.app */,
			);
			name = Products;
			sourceTree = "<group>";
		};
		084A7868216E842200900CB0 /* BreakOutDemo */ = {
			isa = PBXGroup;
			children = (
				084A7869216E842200900CB0 /* AppDelegate.h */,
				084A786A216E842200900CB0 /* AppDelegate.m */,
				084A786C216E842200900CB0 /* GameScene.sks */,
				084A786E216E842200900CB0 /* Actions.sks */,
				084A7870216E842200900CB0 /* GameScene.h */,
				084A7871216E842200900CB0 /* GameScene.m */,
				084A7873216E842200900CB0 /* GameViewController.h */,
				084A7874216E842200900CB0 /* GameViewController.m */,
				084A7876216E842200900CB0 /* Main.storyboard */,
				084A7879216E842200900CB0 /* Assets.xcassets */,
				084A787B216E842200900CB0 /* LaunchScreen.storyboard */,
				084A787E216E842200900CB0 /* Info.plist */,
				084A787F216E842200900CB0 /* main.m */,
			);
			path = BreakOutDemo;
			sourceTree = "<group>";
		};
/* End PBXGroup section */

/* Begin PBXNativeTarget section */
		084A7865216E842200900CB0 /* BreakOutDemo */ = {
			isa = PBXNativeTarget;
			buildConfigurationList = 084A7883216E842200900CB0 /* Build configuration list for PBXNativeTarget "BreakOutDemo" */;
			buildPhases = (
				084A7862216E842200900CB0 /* Sources */,
				084A7863216E842200900CB0 /* Frameworks */,
				084A7864216E842200900CB0 /* Resources */,
			);
			buildRules = (
			);
			dependencies = (
			);
			name = BreakOutDemo;
			productName = BreakOutDemo;
			productReference = 084A7866216E842200900CB0 /* BreakOutDemo.app */;
			productType = "com.apple.product-type.application";
		};
/* End PBXNativeTarget section */

/* Begin PBXProject section */
		084A785E216E842200900CB0 /* Project object */ = {
			isa = PBXProject;
			attributes = {
				LastUpgradeCheck = 1000;
				ORGANIZATIONNAME = "Mircea Popescu";
				TargetAttributes = {
					084A7865216E842200900CB0 = {
						CreatedOnToolsVersion = 10.0;
					};
				};
			};
			buildConfigurationList = 084A7861216E842200900CB0 /* Build configuration list for PBXProject "BreakOutDemo" */;
			compatibilityVersion = "Xcode 9.3";
			developmentRegion = en;
			hasScannedForEncodings = 0;
			knownRegions = (
				en,
				Base,
			);
			mainGroup = 084A785D216E842200900CB0;
			productRefGroup = 084A7867216E842200900CB0 /* Products */;
			projectDirPath = "";
			projectRoot = "";
			targets = (
				084A7865216E842200900CB0 /* BreakOutDemo */,
			);
		};
/* End PBXProject section */

/* Begin PBXResourcesBuildPhase section */
		084A7864216E842200900CB0 /* Resources */ = {
			isa = PBXResourcesBuildPhase;
			buildActionMask = 2147483647;
			files = (
				084A7878216E842200900CB0 /* Main.storyboard in Resources */,
				084A786D216E842200900CB0 /* GameScene.sks in Resources */,
				084A787A216E842200900CB0 /* Assets.xcassets in Resources */,
				084A787D216E842200900CB0 /* LaunchScreen.storyboard in Resources */,
				084A786F216E842200900CB0 /* Actions.sks in Resources */,
			);
			runOnlyForDeploymentPostprocessing = 0;
		};
/* End PBXResourcesBuildPhase section */

/* Begin PBXSourcesBuildPhase section */
		084A7862216E842200900CB0 /* Sources */ = {
			isa = PBXSourcesBuildPhase;
			buildActionMask = 2147483647;
			files = (
				084A7872216E842200900CB0 /* GameScene.m in Sources */,
				084A7875216E842200900CB0 /* GameViewController.m in Sources */,
				084A7880216E842200900CB0 /* main.m in Sources */,
				084A786B216E842200900CB0 /* AppDelegate.m in Sources */,
			);
			runOnlyForDeploymentPostprocessing = 0;
		};
/* End PBXSourcesBuildPhase section */

/* Begin PBXVariantGroup section */
		084A7876216E842200900CB0 /* Main.storyboard */ = {
			isa = PBXVariantGroup;
			children = (
				084A7877216E842200900CB0 /* Base */,
			);
			name = Main.storyboard;
			sourceTree = "<group>";
		};
		084A787B216E842200900CB0 /* LaunchScreen.storyboard */ = {
			isa = PBXVariantGroup;
			children = (
				084A787C216E842200900CB0 /* Base */,
			);
			name = LaunchScreen.storyboard;
			sourceTree = "<group>";
		};
/* End PBXVariantGroup section */

/* Begin XCBuildConfiguration section */
		084A7881216E842200900CB0 /* Debug */ = {
			isa = XCBuildConfiguration;
			buildSettings = {
				ALWAYS_SEARCH_USER_PATHS = NO;
				CLANG_ANALYZER_NONNULL = YES;
				CLANG_ANALYZER_NUMBER_OBJECT_CONVERSION = YES_AGGRESSIVE;
				CLANG_CXX_LANGUAGE_STANDARD = "gnu++14";
				CLANG_CXX_LIBRARY = "libc++";
				CLANG_ENABLE_MODULES = YES;
				CLANG_ENABLE_OBJC_ARC = YES;
				CLANG_ENABLE_OBJC_WEAK = YES;
				CLANG_WARN_BLOCK_CAPTURE_AUTORELEASING = YES;
				CLANG_WARN_BOOL_CONVERSION = YES;
				CLANG_WARN_COMMA = YES;
				CLANG_WARN_CONSTANT_CONVERSION = YES;
				CLANG_WARN_DEPRECATED_OBJC_IMPLEMENTATIONS = YES;
				CLANG_WARN_DIRECT_OBJC_ISA_USAGE = YES_ERROR;
				CLANG_WARN_DOCUMENTATION_COMMENTS = YES;
				CLANG_WARN_EMPTY_BODY = YES;
				CLANG_WARN_ENUM_CONVERSION = YES;
				CLANG_WARN_INFINITE_RECURSION = YES;
				CLANG_WARN_INT_CONVERSION = YES;
				CLANG_WARN_NON_LITERAL_NULL_CONVERSION = YES;
				CLANG_WARN_OBJC_IMPLICIT_RETAIN_SELF = YES;
				CLANG_WARN_OBJC_LITERAL_CONVERSION = YES;
				CLANG_WARN_OBJC_ROOT_CLASS = YES_ERROR;
				CLANG_WARN_RANGE_LOOP_ANALYSIS = YES;
				CLANG_WARN_STRICT_PROTOTYPES = YES;
				CLANG_WARN_SUSPICIOUS_MOVE = YES;
				CLANG_WARN_UNGUARDED_AVAILABILITY = YES_AGGRESSIVE;
				CLANG_WARN_UNREACHABLE_CODE = YES;
				CLANG_WARN__DUPLICATE_METHOD_MATCH = YES;
				CODE_SIGN_IDENTITY = "iPhone Developer";
				COPY_PHASE_STRIP = NO;
				DEBUG_INFORMATION_FORMAT = dwarf;
				ENABLE_STRICT_OBJC_MSGSEND = YES;
				ENABLE_TESTABILITY = YES;
				GCC_C_LANGUAGE_STANDARD = gnu11;
				GCC_DYNAMIC_NO_PIC = NO;
				GCC_NO_COMMON_BLOCKS = YES;
				GCC_OPTIMIZATION_LEVEL = 0;
				GCC_PREPROCESSOR_DEFINITIONS = (
					"DEBUG=1",
					"$(inherited)",
				);
				GCC_WARN_64_TO_32_BIT_CONVERSION = YES;
				GCC_WARN_ABOUT_RETURN_TYPE = YES_ERROR;
				GCC_WARN_UNDECLARED_SELECTOR = YES;
				GCC_WARN_UNINITIALIZED_AUTOS = YES_AGGRESSIVE;
				GCC_WARN_UNUSED_FUNCTION = YES;
				GCC_WARN_UNUSED_VARIABLE = YES;
				IPHONEOS_DEPLOYMENT_TARGET = 12.0;
				MTL_ENABLE_DEBUG_INFO = INCLUDE_SOURCE;
				MTL_FAST_MATH = YES;
				ONLY_ACTIVE_ARCH = YES;
				SDKROOT = iphoneos;
			};
			name = Debug;
		};
		084A7882216E842200900CB0 /* Release */ = {
			isa = XCBuildConfiguration;
			buildSettings = {
				ALWAYS_SEARCH_USER_PATHS = NO;
				CLANG_ANALYZER_NONNULL = YES;
				CLANG_ANALYZER_NUMBER_OBJECT_CONVERSION = YES_AGGRESSIVE;
				CLANG_CXX_LANGUAGE_STANDARD = "gnu++14";
				CLANG_CXX_LIBRARY = "libc++";
				CLANG_ENABLE_MODULES = YES;
				CLANG_ENABLE_OBJC_ARC = YES;
				CLANG_ENABLE_OBJC_WEAK = YES;
				CLANG_WARN_BLOCK_CAPTURE_AUTORELEASING = YES;
				CLANG_WARN_BOOL_CONVERSION = YES;
				CLANG_WARN_COMMA = YES;
				CLANG_WARN_CONSTANT_CONVERSION = YES;
				CLANG_WARN_DEPRECATED_OBJC_IMPLEMENTATIONS = YES;
				CLANG_WARN_DIRECT_OBJC_ISA_USAGE = YES_ERROR;
				CLANG_WARN_DOCUMENTATION_COMMENTS = YES;
				CLANG_WARN_EMPTY_BODY = YES;
				CLANG_WARN_ENUM_CONVERSION = YES;
				CLANG_WARN_INFINITE_RECURSION = YES;
				CLANG_WARN_INT_CONVERSION = YES;
				CLANG_WARN_NON_LITERAL_NULL_CONVERSION = YES;
				CLANG_WARN_OBJC_IMPLICIT_RETAIN_SELF = YES;
				CLANG_WARN_OBJC_LITERAL_CONVERSION = YES;
				CLANG_WARN_OBJC_ROOT_CLASS = YES_ERROR;
				CLANG_WARN_RANGE_LOOP_ANALYSIS = YES;
				CLANG_WARN_STRICT_PROTOTYPES = YES;
				CLANG_WARN_SUSPICIOUS_MOVE = YES;
				CLANG_WARN_UNGUARDED_AVAILABILITY = YES_AGGRESSIVE;
				CLANG_WARN_UNREACHABLE_CODE = YES;
				CLANG_WARN__DUPLICATE_METHOD_MATCH = YES;
				CODE_SIGN_IDENTITY = "iPhone Developer";
				COPY_PHASE_STRIP = NO;
				DEBUG_INFORMATION_FORMAT = "dwarf-with-dsym";
				ENABLE_NS_ASSERTIONS = NO;
				ENABLE_STRICT_OBJC_MSGSEND = YES;
				GCC_C_LANGUAGE_STANDARD = gnu11;
				GCC_NO_COMMON_BLOCKS = YES;
				GCC_WARN_64_TO_32_BIT_CONVERSION = YES;
				GCC_WARN_ABOUT_RETURN_TYPE = YES_ERROR;
				GCC_WARN_UNDECLARED_SELECTOR = YES;
				GCC_WARN_UNINITIALIZED_AUTOS = YES_AGGRESSIVE;
				GCC_WARN_UNUSED_FUNCTION = YES;
				GCC_WARN_UNUSED_VARIABLE = YES;
				IPHONEOS_DEPLOYMENT_TARGET = 12.0;
				MTL_ENABLE_DEBUG_INFO = NO;
				MTL_FAST_MATH = YES;
				SDKROOT = iphoneos;
				VALIDATE_PRODUCT = YES;
			};
			name = Release;
		};
		084A7884216E842200900CB0 /* Debug */ = {
			isa = XCBuildConfiguration;
			buildSettings = {
				ASSETCATALOG_COMPILER_APPICON_NAME = AppIcon;
				CODE_SIGN_STYLE = Automatic;
				DEVELOPMENT_TEAM = N264L7YLRX;
				INFOPLIST_FILE = BreakOutDemo/Info.plist;
				LD_RUNPATH_SEARCH_PATHS = (
					"$(inherited)",
					"@executable_path/Frameworks",
				);
				PRODUCT_BUNDLE_IDENTIFIER = MP.BreakOutDemo;
				PRODUCT_NAME = "$(TARGET_NAME)";
				TARGETED_DEVICE_FAMILY = "1,2";
			};
			name = Debug;
		};
		084A7885216E842200900CB0 /* Release */ = {
			isa = XCBuildConfiguration;
			buildSettings = {
				ASSETCATALOG_COMPILER_APPICON_NAME = AppIcon;
				CODE_SIGN_STYLE = Automatic;
				DEVELOPMENT_TEAM = N264L7YLRX;
				INFOPLIST_FILE = BreakOutDemo/Info.plist;
				LD_RUNPATH_SEARCH_PATHS = (
					"$(inherited)",
					"@executable_path/Frameworks",
				);
				PRODUCT_BUNDLE_IDENTIFIER = MP.BreakOutDemo;
				PRODUCT_NAME = "$(TARGET_NAME)";
				TARGETED_DEVICE_FAMILY = "1,2";
			};
			name = Release;
		};
/* End XCBuildConfiguration section */

/* Begin XCConfigurationList section */
		084A7861216E842200900CB0 /* Build configuration list for PBXProject "BreakOutDemo" */ = {
			isa = XCConfigurationList;
			buildConfigurations = (
				084A7881216E842200900CB0 /* Debug */,
				084A7882216E842200900CB0 /* Release */,
			);
			defaultConfigurationIsVisible = 0;
			defaultConfigurationName = Release;
		};
		084A7883216E842200900CB0 /* Build configuration list for PBXNativeTarget "BreakOutDemo" */ = {
			isa = XCConfigurationList;
			buildConfigurations = (
				084A7884216E842200900CB0 /* Debug */,
				084A7885216E842200900CB0 /* Release */,
			);
			defaultConfigurationIsVisible = 0;
			defaultConfigurationName = Release;
		};
/* End XCConfigurationList section */
	};
	rootObject = 084A785E216E842200900CB0 /* Project object */;
}
